<?xml version="1.0" encoding="utf-8"?>
<Project ToolsVersion="4.0" xmlns="http://schemas.microsoft.com/developer/msbuild/2003">
  <ItemGroup>
    <Filter Include="Source Files">
      <UniqueIdentifier>{4FC737F1-C7A5-4376-A066-2A32D752A2FF}</UniqueIdentifier>
      <Extensions>cpp;c;cc;cxx;def;odl;idl;hpj;bat;asm;asmx</Extensions>
    </Filter>
    <Filter Include="Header Files">
      <UniqueIdentifier>{93995380-89BD-4b04-88EB-625FBE52EBFB}</UniqueIdentifier>
      <Extensions>h;hh;hpp;hxx;hm;inl;inc;xsd</Extensions>
    </Filter>
    <Filter Include="Resource Files">
      <UniqueIdentifier>{D9D6E242-F8AF-46E4-B9FD-80ECBC20BA3E}</UniqueIdentifier>
      <Extensions>qrc;*</Extensions>
      <ParseFiles>false</ParseFiles>
    </Filter>
    <Filter Include="Form Files">
      <UniqueIdentifier>{99349809-55BA-4b9d-BF79-8FDBB0286EB3}</UniqueIdentifier>
      <Extensions>ui</Extensions>
    </Filter>
    <Filter Include="Resource Files">
      <UniqueIdentifier>{D9D6E242-F8AF-46E4-B9FD-80ECBC20BA3E}</UniqueIdentifier>
      <Extensions>qrc;*</Extensions>
      <ParseFiles>false</ParseFiles>
    </Filter>
    <Filter Include="Generated Files">
      <UniqueIdentifier>{71ED8ED8-ACB9-4CE9-BBE1-E00B30144E11}</UniqueIdentifier>
      <Extensions>moc;h;cpp</Extensions>
      <SourceControlFiles>False</SourceControlFiles>
    </Filter>
  </ItemGroup>
  <ItemGroup>
    <ClCompile Include="main.cpp">
      <Filter>Source Files</Filter>
    </ClCompile>
    <ClCompile Include="news_system_ui.cpp">
      <Filter>Source Files</Filter>
    </ClCompile>
    <ClCompile Include="BalanceBinaryTree.cpp">
      <Filter>Source Files</Filter>
    </ClCompile>
    <ClCompile Include="CharString.cpp">
      <Filter>Source Files</Filter>
    </ClCompile>
    <ClCompile Include="CharStringLink.cpp">
      <Filter>Source Files</Filter>
    </ClCompile>
    <ClCompile Include="dictionary.cpp">
      <Filter>Source Files</Filter>
    </ClCompile>
    <ClCompile Include="dividewords.cpp">
      <Filter>Source Files</Filter>
    </ClCompile>
    <ClCompile Include="extractinfo.cpp">
      <Filter>Source Files</Filter>
    </ClCompile>
    <ClCompile Include="FileLink.cpp">
      <Filter>Source Files</Filter>
    </ClCompile>
    <ClCompile Include="getfile.cpp">
      <Filter>Source Files</Filter>
    </ClCompile>
    <ClCompile Include="hashtable.cpp">
      <Filter>Source Files</Filter>
    </ClCompile>
    <ClCompile Include="query.cpp">
      <Filter>Source Files</Filter>
    </ClCompile>
    <ClCompile Include="recommand.cpp">
      <Filter>Source Files</Filter>
    </ClCompile>
    <ClCompile Include="regularization.cpp">
      <Filter>Source Files</Filter>
    </ClCompile>
    <ClCompile Include="GeneratedFiles\qrc_news_system_ui.cpp">
      <Filter>Generated Files</Filter>
    </ClCompile>
    <ClCompile Include="screen.cpp">
      <Filter>Source Files</Filter>
    </ClCompile>
    <ClCompile Include="extractor.cpp">
      <Filter>Source Files</Filter>
    </ClCompile>
    <ClCompile Include="scene.cpp">
      <Filter>Source Files</Filter>
    </ClCompile>
    <ClCompile Include="inputscene.cpp">
      <Filter>Source Files</Filter>
    </ClCompile>
    <ClCompile Include="listscene.cpp">
      <Filter>Source Files</Filter>
    </ClCompile>
    <ClCompile Include="pagescene.cpp">
      <Filter>Source Files</Filter>
    </ClCompile>
    <ClCompile Include="guiutils.cpp">
      <Filter>Source Files</Filter>
    </ClCompile>
  </ItemGroup>
  <ItemGroup>
    <QtMoc Include="news_system_ui.h">
      <Filter>Header Files</Filter>
    </QtMoc>
    <QtMoc Include="screen.h">
      <Filter>Header Files</Filter>
    </QtMoc>
    <QtMoc Include="extractor.h">
      <Filter>Header Files</Filter>
    </QtMoc>
    <QtMoc Include="scene.h">
      <Filter>Header Files</Filter>
    </QtMoc>
    <QtMoc Include="listscene.h">
      <Filter>Header Files</Filter>
    </QtMoc>
    <QtMoc Include="inputscene.h">
      <Filter>Header Files</Filter>
    </QtMoc>
    <QtMoc Include="pagescene.h">
      <Filter>Header Files</Filter>
    </QtMoc>
  </ItemGroup>
  <ItemGroup>
    <QtUic Include="news_system_ui.ui">
      <Filter>Form Files</Filter>
    </QtUic>
    <QtUic Include="DialogButtonRight.ui">
      <Filter>Form Files</Filter>
    </QtUic>
    <QtUic Include="MainWindow.ui">
      <Filter>Form Files</Filter>
    </QtUic>
    <QtUic Include="input.ui">
      <Filter>Form Files</Filter>
    </QtUic>
    <QtUic Include="list.ui">
      <Filter>Form Files</Filter>
    </QtUic>
    <QtUic Include="page.ui">
      <Filter>Form Files</Filter>
    </QtUic>
  </ItemGroup>
  <ItemGroup>
    <QtRcc Include="news_system_ui.qrc">
      <Filter>Resource Files</Filter>
    </QtRcc>
  </ItemGroup>
  <ItemGroup>
    <ClInclude Include="BalanceBinaryTree.h">
      <Filter>Header Files</Filter>
    </ClInclude>
    <ClInclude Include="CharString.h">
      <Filter>Header Files</Filter>
    </ClInclude>
    <ClInclude Include="CharStringLink.h">
      <Filter>Header Files</Filter>
    </ClInclude>
    <ClInclude Include="dictionary.h">
      <Filter>Header Files</Filter>
    </ClInclude>
    <ClInclude Include="dividewords.h">
      <Filter>Header Files</Filter>
    </ClInclude>
    <ClInclude Include="extractinfo.h">
      <Filter>Header Files</Filter>
    </ClInclude>
    <ClInclude Include="FileLink.h">
      <Filter>Header Files</Filter>
    </ClInclude>
    <ClInclude Include="getfile.h">
      <Filter>Header Files</Filter>
    </ClInclude>
    <ClInclude Include="hashtable.h">
      <Filter>Header Files</Filter>
    </ClInclude>
    <ClInclude Include="query.h">
      <Filter>Header Files</Filter>
    </ClInclude>
    <ClInclude Include="recommand.h">
      <Filter>Header Files</Filter>
    </ClInclude>
    <ClInclude Include="regularization.h">
      <Filter>Header Files</Filter>
    </ClInclude>
    <ClInclude Include="Stack.h">
      <Filter>Header Files</Filter>
    </ClInclude>
    <ClInclude Include="GeneratedFiles\ui_news_system_ui.h">
      <Filter>Generated Files</Filter>
    </ClInclude>
    <ClInclude Include="GeneratedFiles\ui_DialogButtonRight.h">
      <Filter>Generated Files</Filter>
    </ClInclude>
    <ClInclude Include="GeneratedFiles\ui_input.h">
      <Filter>Generated Files</Filter>
    </ClInclude>
    <ClInclude Include="GeneratedFiles\ui_list.h">
      <Filter>Generated Files</Filter>
    </ClInclude>
    <ClInclude Include="GeneratedFiles\ui_page.h">
      <Filter>Generated Files</Filter>
    </ClInclude>
    <ClInclude Include="guiutils.h">
      <Filter>Header Files</Filter>
    </ClInclude>
  </ItemGroup>
</Project>